
Microsoft Visual Studio Solution File, Format Version 12.00
# Visual Studio Version 17
VisualStudioVersion = 17.7.34031.279
MinimumVisualStudioVersion = 10.0.40219.1
Project("{FAE04EC0-301F-11D3-BF4B-00C04F79EFBC}") = "Source", "ProjectOne\Source.csproj", "{E01A5FC2-E870-49B2-9D30-C1AFA7715428}"
EndProject
Global
	GlobalSection(SolutionConfigurationPlatforms) = preSolution
		Debug|Any CPU = Debug|Any CPU
		Release|Any CPU = Release|Any CPU
	EndGlobalSection
	GlobalSection(ProjectConfigurationPlatforms) = postSolution
		{E01A5FC2-E870-49B2-9D30-C1AFA7715428}.Debug|Any CPU.ActiveCfg = Debug|Any CPU
		{E01A5FC2-E870-49B2-9D30-C1AFA7715428}.Debug|Any CPU.Build.0 = Debug|Any CPU
		{E01A5FC2-E870-49B2-9D30-C1AFA7715428}.Release|Any CPU.ActiveCfg = Release|Any CPU
		{E01A5FC2-E870-49B2-9D30-C1AFA7715428}.Release|Any CPU.Build.0 = Release|Any CPU
	EndGlobalSection
	GlobalSection(SolutionProperties) = preSolution
		HideSolutionNode = FALSE
	EndGlobalSection
	GlobalSection(ExtensibilityGlobals) = postSolution
		SolutionGuid = {5D0A9ADB-0F00-485F-8BFE-997DAF4D7E63}
	EndGlobalSection
EndGlobal
